
Microsoft Visual Studio Solution File, Format Version 12.00
# Visual Studio Version 17
VisualStudioVersion = 17.14.36518.9 d17.14
MinimumVisualStudioVersion = 10.0.40219.1
Project("{FAE04EC0-301F-11D3-BF4B-00C04F79EFBC}") = "CsharpLab251003-2", "CsharpLab251003-2\CsharpLab251003-2.csproj", "{33EB2172-A4B4-4878-BCDB-352CE33435CC}"
EndProject
Global
	GlobalSection(SolutionConfigurationPlatforms) = preSolution
		Debug|Any CPU = Debug|Any CPU
		Release|Any CPU = Release|Any CPU
	EndGlobalSection
	GlobalSection(ProjectConfigurationPlatforms) = postSolution
		{33EB2172-A4B4-4878-BCDB-352CE33435CC}.Debug|Any CPU.ActiveCfg = Debug|Any CPU
		{33EB2172-A4B4-4878-BCDB-352CE33435CC}.Debug|Any CPU.Build.0 = Debug|Any CPU
		{33EB2172-A4B4-4878-BCDB-352CE33435CC}.Release|Any CPU.ActiveCfg = Release|Any CPU
		{33EB2172-A4B4-4878-BCDB-352CE33435CC}.Release|Any CPU.Build.0 = Release|Any CPU
	EndGlobalSection
	GlobalSection(SolutionProperties) = preSolution
		HideSolutionNode = FALSE
	EndGlobalSection
	GlobalSection(ExtensibilityGlobals) = postSolution
		SolutionGuid = {8E2D43A7-857F-4AA8-85F5-54313B8ABAEA}
	EndGlobalSection
EndGlobal
